
Microsoft Visual Studio Solution File, Format Version 12.00
# Visual Studio Version 16
VisualStudioVersion = 16.0.30804.86
MinimumVisualStudioVersion = 10.0.40219.1
Project("{FAE04EC0-301F-11D3-BF4B-00C04F79EFBC}") = "OrderTest", "OrderTest\OrderTest.csproj", "{0814D6DE-6C38-486C-A20F-3BBAEE59FDB6}"
EndProject
Global
	GlobalSection(SolutionConfigurationPlatforms) = preSolution
		Debug|Any CPU = Debug|Any CPU
		Release|Any CPU = Release|Any CPU
	EndGlobalSection
	GlobalSection(ProjectConfigurationPlatforms) = postSolution
		{0814D6DE-6C38-486C-A20F-3BBAEE59FDB6}.Debug|Any CPU.ActiveCfg = Debug|Any CPU
		{0814D6DE-6C38-486C-A20F-3BBAEE59FDB6}.Debug|Any CPU.Build.0 = Debug|Any CPU
		{0814D6DE-6C38-486C-A20F-3BBAEE59FDB6}.Release|Any CPU.ActiveCfg = Release|Any CPU
		{0814D6DE-6C38-486C-A20F-3BBAEE59FDB6}.Release|Any CPU.Build.0 = Release|Any CPU
	EndGlobalSection
	GlobalSection(SolutionProperties) = preSolution
		HideSolutionNode = FALSE
	EndGlobalSection
	GlobalSection(ExtensibilityGlobals) = postSolution
		SolutionGuid = {63EB1BE8-D75F-4211-9BF1-51D60D75627F}
	EndGlobalSection
EndGlobal
